{"_meta":{"file-type":"spack-lockfile","lockfile-version":5,"specfile-version":4},"spack":{"version":"0.23.0.dev0","type":"git","commit":"af43f6be0d20ffa292e61c3155b702ebbbff4cad"},"roots":[{"hash":"mnnwafulpybrnqhf7gil3ukhuls2axom","spec":"binutils"},{"hash":"d6zzpa2fmuzzfonu7sab5dmcg2ult3d4","spec":"cmake"},{"hash":"rcrjbpp2vt6lqtkvxc2zxupsr654y6ar","spec":"cuda"},{"hash":"muqk6h55xi3fjhrdkq4hb3ru57ar3nyy","spec":"intel-oneapi-compilers+nvidia"}],"concrete_specs":{"mnnwafulpybrnqhf7gil3ukhuls2axom":{"name":"binutils","version":"2.43.1","arch":{"platform":"linux","platform_os":"rhel8","target":{"name":"zen","vendor":"AuthenticAMD","features":["abm","aes","avx","avx2","bmi1","bmi2","clflushopt","clzero","cx16","f16c","fma","fsgsbase","mmx","movbe","pclmulqdq","popcnt","rdseed","sse","sse2","sse4_1","sse4_2","sse4a","ssse3","xsavec","xsaveopt"],"generation":0,"parents":["x86_64_v3"],"cpupart":""}},"compiler":{"name":"gcc","version":"8.5.0"},"namespace":"builtin","parameters":{"build_system":"autotools","compress_debug_sections":"zlib","gas":false,"gprofng":false,"headers":false,"interwork":false,"ld":false,"libiberty":false,"libs":["shared","static"],"lto":false,"nls":false,"pgo":false,"plugins":true,"cflags":[],"cppflags":[],"cxxflags":[],"fflags":[],"ldflags":[],"ldlibs":[]},"package_hash":"brxi3inkmjzehbtem224umkosd2bhssl7xkbkd3dbdbprmyflysa====","dependencies":[{"name":"diffutils","hash":"bbvyxs35tqeph5ltocy4o76ef5qwfq62","parameters":{"deptypes":["build"],"virtuals":[]}},{"name":"gcc-runtime","hash":"m4jsgeehscaqglufyh44poypvzpco3vk","parameters":{"deptypes":["link"],"virtuals":[]}},{"name":"glibc","hash":"z45tn6q6kk2ma2r7qeatspxrqyox7o7m","parameters":{"deptypes":["link"],"virtuals":["libc"]}},{"name":"gmake","hash":"ugvraihc3oloyqx5qvqnyda3u5czncte","parameters":{"deptypes":["build"],"virtuals":[]}},{"name":"pkgconf","hash":"rpcrvto6rcb67vla73jksx3zgagdv4dy","parameters":{"deptypes":["build"],"virtuals":["pkgconfig"]}},{"name":"zlib-ng","hash":"ue3u3yjycdmdj3a2melybup7jgbhucaz","parameters":{"deptypes":["build","link"],"virtuals":["zlib-api"]}},{"name":"zstd","hash":"nsyht6bcnl7j46qxwtu35biwyyocnilo","parameters":{"deptypes":["build","link"],"virtuals":[]}}],"hash":"mnnwafulpybrnqhf7gil3ukhuls2axom"},"bbvyxs35tqeph5ltocy4o76ef5qwfq62":{"name":"diffutils","version":"3.10","arch":{"platform":"linux","platform_os":"rhel8","target":{"name":"zen","vendor":"AuthenticAMD","features":["abm","aes","avx","avx2","bmi1","bmi2","clflushopt","clzero","cx16","f16c","fma","fsgsbase","mmx","movbe","pclmulqdq","popcnt","rdseed","sse","sse2","sse4_1","sse4_2","sse4a","ssse3","xsavec","xsaveopt"],"generation":0,"parents":["x86_64_v3"],"cpupart":""}},"compiler":{"name":"gcc","version":"8.5.0"},"namespace":"builtin","parameters":{"build_system":"autotools","cflags":[],"cppflags":[],"cxxflags":[],"fflags":[],"ldflags":[],"ldlibs":[]},"package_hash":"kbmzdy7mgklc24qx55cvx7kq7hceby2yav4fnf64gfdo7epdghwa====","dependencies":[{"name":"gcc-runtime","hash":"m4jsgeehscaqglufyh44poypvzpco3vk","parameters":{"deptypes":["link"],"virtuals":[]}},{"name":"glibc","hash":"z45tn6q6kk2ma2r7qeatspxrqyox7o7m","parameters":{"deptypes":["build","link"],"virtuals":["iconv","libc"]}},{"name":"gmake","hash":"ugvraihc3oloyqx5qvqnyda3u5czncte","parameters":{"deptypes":["build"],"virtuals":[]}}],"hash":"bbvyxs35tqeph5ltocy4o76ef5qwfq62"},"m4jsgeehscaqglufyh44poypvzpco3vk":{"name":"gcc-runtime","version":"8.5.0","arch":{"platform":"linux","platform_os":"rhel8","target":{"name":"zen","vendor":"AuthenticAMD","features":["abm","aes","avx","avx2","bmi1","bmi2","clflushopt","clzero","cx16","f16c","fma","fsgsbase","mmx","movbe","pclmulqdq","popcnt","rdseed","sse","sse2","sse4_1","sse4_2","sse4a","ssse3","xsavec","xsaveopt"],"generation":0,"parents":["x86_64_v3"],"cpupart":""}},"compiler":{"name":"gcc","version":"8.5.0"},"namespace":"builtin","parameters":{"build_system":"generic","cflags":[],"cppflags":[],"cxxflags":[],"fflags":[],"ldflags":[],"ldlibs":[]},"package_hash":"se7e7lu5ega7wrxwwnhpwjp2fsl4u277hopdz2lw7bwhatp22soq====","dependencies":[{"name":"glibc","hash":"z45tn6q6kk2ma2r7qeatspxrqyox7o7m","parameters":{"deptypes":["link"],"virtuals":["libc"]}}],"hash":"m4jsgeehscaqglufyh44poypvzpco3vk"},"z45tn6q6kk2ma2r7qeatspxrqyox7o7m":{"name":"glibc","version":"2.28","arch":{"platform":"linux","platform_os":"rhel8","target":{"name":"zen","vendor":"AuthenticAMD","features":["abm","aes","avx","avx2","bmi1","bmi2","clflushopt","clzero","cx16","f16c","fma","fsgsbase","mmx","movbe","pclmulqdq","popcnt","rdseed","sse","sse2","sse4_1","sse4_2","sse4a","ssse3","xsavec","xsaveopt"],"generation":0,"parents":["x86_64_v3"],"cpupart":""}},"compiler":{"name":"gcc","version":"8.5.0"},"namespace":"builtin","parameters":{"build_system":"autotools","cflags":[],"cppflags":[],"cxxflags":[],"fflags":[],"ldflags":[],"ldlibs":[]},"external":{"path":"/usr","module":null,"extra_attributes":{}},"package_hash":"riktbfk2yybad7tgbvdkntk5c5msjcm5pk3x7naszgbvfm57h4rq====","hash":"z45tn6q6kk2ma2r7qeatspxrqyox7o7m"},"ugvraihc3oloyqx5qvqnyda3u5czncte":{"name":"gmake","version":"4.4.1","arch":{"platform":"linux","platform_os":"rhel8","target":{"name":"zen","vendor":"AuthenticAMD","features":["abm","aes","avx","avx2","bmi1","bmi2","clflushopt","clzero","cx16","f16c","fma","fsgsbase","mmx","movbe","pclmulqdq","popcnt","rdseed","sse","sse2","sse4_1","sse4_2","sse4a","ssse3","xsavec","xsaveopt"],"generation":0,"parents":["x86_64_v3"],"cpupart":""}},"compiler":{"name":"gcc","version":"8.5.0"},"namespace":"builtin","parameters":{"build_system":"generic","guile":false,"cflags":[],"cppflags":[],"cxxflags":[],"fflags":[],"ldflags":[],"ldlibs":[]},"package_hash":"rpzjfobv7qh3wevti34nlbd2emtw5mnyszqmkyiq5jiq33xm7qzq====","dependencies":[{"name":"gcc-runtime","hash":"m4jsgeehscaqglufyh44poypvzpco3vk","parameters":{"deptypes":["link"],"virtuals":[]}},{"name":"glibc","hash":"z45tn6q6kk2ma2r7qeatspxrqyox7o7m","parameters":{"deptypes":["link"],"virtuals":["libc"]}}],"hash":"ugvraihc3oloyqx5qvqnyda3u5czncte"},"rpcrvto6rcb67vla73jksx3zgagdv4dy":{"name":"pkgconf","version":"2.2.0","arch":{"platform":"linux","platform_os":"rhel8","target":{"name":"zen","vendor":"AuthenticAMD","features":["abm","aes","avx","avx2","bmi1","bmi2","clflushopt","clzero","cx16","f16c","fma","fsgsbase","mmx","movbe","pclmulqdq","popcnt","rdseed","sse","sse2","sse4_1","sse4_2","sse4a","ssse3","xsavec","xsaveopt"],"generation":0,"parents":["x86_64_v3"],"cpupart":""}},"compiler":{"name":"gcc","version":"8.5.0"},"namespace":"builtin","parameters":{"build_system":"autotools","cflags":[],"cppflags":[],"cxxflags":[],"fflags":[],"ldflags":[],"ldlibs":[]},"package_hash":"gl6tpyarjlclzsal6wa4dtc7cdzprq36nbibalai4a6wgzblrseq====","dependencies":[{"name":"gcc-runtime","hash":"m4jsgeehscaqglufyh44poypvzpco3vk","parameters":{"deptypes":["link"],"virtuals":[]}},{"name":"glibc","hash":"z45tn6q6kk2ma2r7qeatspxrqyox7o7m","parameters":{"deptypes":["link"],"virtuals":["libc"]}},{"name":"gmake","hash":"ugvraihc3oloyqx5qvqnyda3u5czncte","parameters":{"deptypes":["build"],"virtuals":[]}}],"hash":"rpcrvto6rcb67vla73jksx3zgagdv4dy"},"ue3u3yjycdmdj3a2melybup7jgbhucaz":{"name":"zlib-ng","version":"2.2.1","arch":{"platform":"linux","platform_os":"rhel8","target":{"name":"zen","vendor":"AuthenticAMD","features":["abm","aes","avx","avx2","bmi1","bmi2","clflushopt","clzero","cx16","f16c","fma","fsgsbase","mmx","movbe","pclmulqdq","popcnt","rdseed","sse","sse2","sse4_1","sse4_2","sse4a","ssse3","xsavec","xsaveopt"],"generation":0,"parents":["x86_64_v3"],"cpupart":""}},"compiler":{"name":"gcc","version":"8.5.0"},"namespace":"builtin","parameters":{"build_system":"autotools","compat":true,"new_strategies":true,"opt":true,"pic":true,"shared":true,"cflags":[],"cppflags":[],"cxxflags":[],"fflags":[],"ldflags":[],"ldlibs":[]},"package_hash":"jvdtkihgu4ykt4dwkunpk3ql7tcnl4wtxmhbd3vfl5o7hemoi4gq====","dependencies":[{"name":"gcc-runtime","hash":"m4jsgeehscaqglufyh44poypvzpco3vk","parameters":{"deptypes":["link"],"virtuals":[]}},{"name":"glibc","hash":"z45tn6q6kk2ma2r7qeatspxrqyox7o7m","parameters":{"deptypes":["link"],"virtuals":["libc"]}},{"name":"gmake","hash":"ugvraihc3oloyqx5qvqnyda3u5czncte","parameters":{"deptypes":["build"],"virtuals":[]}}],"hash":"ue3u3yjycdmdj3a2melybup7jgbhucaz"},"nsyht6bcnl7j46qxwtu35biwyyocnilo":{"name":"zstd","version":"1.5.6","arch":{"platform":"linux","platform_os":"rhel8","target":{"name":"zen","vendor":"AuthenticAMD","features":["abm","aes","avx","avx2","bmi1","bmi2","clflushopt","clzero","cx16","f16c","fma","fsgsbase","mmx","movbe","pclmulqdq","popcnt","rdseed","sse","sse2","sse4_1","sse4_2","sse4a","ssse3","xsavec","xsaveopt"],"generation":0,"parents":["x86_64_v3"],"cpupart":""}},"compiler":{"name":"gcc","version":"8.5.0"},"namespace":"builtin","parameters":{"build_system":"makefile","libs":["shared","static"],"programs":false,"cflags":[],"cppflags":[],"cxxflags":[],"fflags":[],"ldflags":[],"ldlibs":[]},"package_hash":"uvmrov4c6unft6o4yd3jk3uqvweua3uhwdli4sw7h5wvklaf5t3q====","dependencies":[{"name":"gcc-runtime","hash":"m4jsgeehscaqglufyh44poypvzpco3vk","parameters":{"deptypes":["link"],"virtuals":[]}},{"name":"glibc","hash":"z45tn6q6kk2ma2r7qeatspxrqyox7o7m","parameters":{"deptypes":["link"],"virtuals":["libc"]}},{"name":"gmake","hash":"ugvraihc3oloyqx5qvqnyda3u5czncte","parameters":{"deptypes":["build"],"virtuals":[]}}],"hash":"nsyht6bcnl7j46qxwtu35biwyyocnilo"},"d6zzpa2fmuzzfonu7sab5dmcg2ult3d4":{"name":"cmake","version":"3.30.2","arch":{"platform":"linux","platform_os":"rhel8","target":{"name":"zen","vendor":"AuthenticAMD","features":["abm","aes","avx","avx2","bmi1","bmi2","clflushopt","clzero","cx16","f16c","fma","fsgsbase","mmx","movbe","pclmulqdq","popcnt","rdseed","sse","sse2","sse4_1","sse4_2","sse4a","ssse3","xsavec","xsaveopt"],"generation":0,"parents":["x86_64_v3"],"cpupart":""}},"compiler":{"name":"gcc","version":"8.5.0"},"namespace":"builtin","parameters":{"build_system":"generic","build_type":"Release","doc":false,"ncurses":true,"ownlibs":true,"patches":["dbc3892939348c71f35973dd30e74c4a84bc7a2446c6930523c9723b88a597d1"],"cflags":[],"cppflags":[],"cxxflags":[],"fflags":[],"ldflags":[],"ldlibs":[]},"patches":["dbc3892939348c71f35973dd30e74c4a84bc7a2446c6930523c9723b88a597d1"],"package_hash":"wjotoe6jwlqaf3t3zyv7l6q7wwkpqamdrrxlwf7hmdbo47ovsl3a====","dependencies":[{"name":"curl","hash":"llyfvei5j4rpswfobtu67xpiywgxa4u2","parameters":{"deptypes":["build","link"],"virtuals":[]}},{"name":"gcc-runtime","hash":"m4jsgeehscaqglufyh44poypvzpco3vk","parameters":{"deptypes":["link"],"virtuals":[]}},{"name":"glibc","hash":"z45tn6q6kk2ma2r7qeatspxrqyox7o7m","parameters":{"deptypes":["link"],"virtuals":["libc"]}},{"name":"gmake","hash":"ugvraihc3oloyqx5qvqnyda3u5czncte","parameters":{"deptypes":["build","link"],"virtuals":[]}},{"name":"ncurses","hash":"ykkjndcyltvbvr73uaozrjfz27vonyuf","parameters":{"deptypes":["build","link"],"virtuals":[]}},{"name":"zlib-ng","hash":"ue3u3yjycdmdj3a2melybup7jgbhucaz","parameters":{"deptypes":["build","link"],"virtuals":["zlib-api"]}}],"hash":"d6zzpa2fmuzzfonu7sab5dmcg2ult3d4"},"llyfvei5j4rpswfobtu67xpiywgxa4u2":{"name":"curl","version":"8.8.0","arch":{"platform":"linux","platform_os":"rhel8","target":{"name":"zen","vendor":"AuthenticAMD","features":["abm","aes","avx","avx2","bmi1","bmi2","clflushopt","clzero","cx16","f16c","fma","fsgsbase","mmx","movbe","pclmulqdq","popcnt","rdseed","sse","sse2","sse4_1","sse4_2","sse4a","ssse3","xsavec","xsaveopt"],"generation":0,"parents":["x86_64_v3"],"cpupart":""}},"compiler":{"name":"gcc","version":"8.5.0"},"namespace":"builtin","parameters":{"build_system":"autotools","gssapi":false,"ldap":false,"libidn2":false,"librtmp":false,"libs":["shared","static"],"libssh":false,"libssh2":false,"nghttp2":true,"tls":["openssl"],"cflags":[],"cppflags":[],"cxxflags":[],"fflags":[],"ldflags":[],"ldlibs":[]},"package_hash":"li3cqjmrxln6uykpsapyqmkogvfj7q6jq55kfkjpvwb7sv6gnocq====","dependencies":[{"name":"gcc-runtime","hash":"m4jsgeehscaqglufyh44poypvzpco3vk","parameters":{"deptypes":["link"],"virtuals":[]}},{"name":"glibc","hash":"z45tn6q6kk2ma2r7qeatspxrqyox7o7m","parameters":{"deptypes":["link"],"virtuals":["libc"]}},{"name":"gmake","hash":"ugvraihc3oloyqx5qvqnyda3u5czncte","parameters":{"deptypes":["build"],"virtuals":[]}},{"name":"nghttp2","hash":"ypmjvifwjpzjbz4lubpxl3nps7qnutyf","parameters":{"deptypes":["build","link"],"virtuals":[]}},{"name":"openssl","hash":"xrf6ssaskzirpkm6j46ylmssfi3q4xac","parameters":{"deptypes":["build","link"],"virtuals":[]}},{"name":"pkgconf","hash":"rpcrvto6rcb67vla73jksx3zgagdv4dy","parameters":{"deptypes":["build"],"virtuals":["pkgconfig"]}},{"name":"zlib-ng","hash":"ue3u3yjycdmdj3a2melybup7jgbhucaz","parameters":{"deptypes":["build","link"],"virtuals":["zlib-api"]}}],"hash":"llyfvei5j4rpswfobtu67xpiywgxa4u2"},"ypmjvifwjpzjbz4lubpxl3nps7qnutyf":{"name":"nghttp2","version":"1.63.0","arch":{"platform":"linux","platform_os":"rhel8","target":{"name":"zen","vendor":"AuthenticAMD","features":["abm","aes","avx","avx2","bmi1","bmi2","clflushopt","clzero","cx16","f16c","fma","fsgsbase","mmx","movbe","pclmulqdq","popcnt","rdseed","sse","sse2","sse4_1","sse4_2","sse4a","ssse3","xsavec","xsaveopt"],"generation":0,"parents":["x86_64_v3"],"cpupart":""}},"compiler":{"name":"gcc","version":"8.5.0"},"namespace":"builtin","parameters":{"build_system":"autotools","cflags":[],"cppflags":[],"cxxflags":[],"fflags":[],"ldflags":[],"ldlibs":[]},"package_hash":"xlfs46g75iwk2tiwo2o63soe6cktxd5x4p76wohuddnslyllhtwq====","dependencies":[{"name":"diffutils","hash":"bbvyxs35tqeph5ltocy4o76ef5qwfq62","parameters":{"deptypes":["build"],"virtuals":[]}},{"name":"gcc-runtime","hash":"m4jsgeehscaqglufyh44poypvzpco3vk","parameters":{"deptypes":["link"],"virtuals":[]}},{"name":"glibc","hash":"z45tn6q6kk2ma2r7qeatspxrqyox7o7m","parameters":{"deptypes":["link"],"virtuals":["libc"]}},{"name":"gmake","hash":"ugvraihc3oloyqx5qvqnyda3u5czncte","parameters":{"deptypes":["build"],"virtuals":[]}},{"name":"pkgconf","hash":"rpcrvto6rcb67vla73jksx3zgagdv4dy","parameters":{"deptypes":["build"],"virtuals":["pkgconfig"]}}],"hash":"ypmjvifwjpzjbz4lubpxl3nps7qnutyf"},"xrf6ssaskzirpkm6j46ylmssfi3q4xac":{"name":"openssl","version":"3.3.1","arch":{"platform":"linux","platform_os":"rhel8","target":{"name":"zen","vendor":"AuthenticAMD","features":["abm","aes","avx","avx2","bmi1","bmi2","clflushopt","clzero","cx16","f16c","fma","fsgsbase","mmx","movbe","pclmulqdq","popcnt","rdseed","sse","sse2","sse4_1","sse4_2","sse4a","ssse3","xsavec","xsaveopt"],"generation":0,"parents":["x86_64_v3"],"cpupart":""}},"compiler":{"name":"gcc","version":"8.5.0"},"namespace":"builtin","parameters":{"build_system":"generic","certs":"mozilla","docs":false,"shared":true,"cflags":[],"cppflags":[],"cxxflags":[],"fflags":[],"ldflags":[],"ldlibs":[]},"package_hash":"aqjwgxmqs2b7jublxelhue7n75puejodvhn2cbnpjjmq7xttex7a====","dependencies":[{"name":"ca-certificates-mozilla","hash":"hzw33cstrk4xgzqohoglfi26ds5pgttf","parameters":{"deptypes":["build"],"virtuals":[]}},{"name":"gcc-runtime","hash":"m4jsgeehscaqglufyh44poypvzpco3vk","parameters":{"deptypes":["link"],"virtuals":[]}},{"name":"glibc","hash":"z45tn6q6kk2ma2r7qeatspxrqyox7o7m","parameters":{"deptypes":["link"],"virtuals":["libc"]}},{"name":"gmake","hash":"ugvraihc3oloyqx5qvqnyda3u5czncte","parameters":{"deptypes":["build"],"virtuals":[]}},{"name":"perl","hash":"sylw2spk7whnldn22bxs5n6mzrltzhc2","parameters":{"deptypes":["build"],"virtuals":[]}},{"name":"zlib-ng","hash":"ue3u3yjycdmdj3a2melybup7jgbhucaz","parameters":{"deptypes":["build","link"],"virtuals":["zlib-api"]}}],"hash":"xrf6ssaskzirpkm6j46ylmssfi3q4xac"},"hzw33cstrk4xgzqohoglfi26ds5pgttf":{"name":"ca-certificates-mozilla","version":"2023-05-30","arch":{"platform":"linux","platform_os":"rhel8","target":{"name":"zen","vendor":"AuthenticAMD","features":["abm","aes","avx","avx2","bmi1","bmi2","clflushopt","clzero","cx16","f16c","fma","fsgsbase","mmx","movbe","pclmulqdq","popcnt","rdseed","sse","sse2","sse4_1","sse4_2","sse4a","ssse3","xsavec","xsaveopt"],"generation":0,"parents":["x86_64_v3"],"cpupart":""}},"compiler":{"name":"gcc","version":"8.5.0"},"namespace":"builtin","parameters":{"build_system":"generic","cflags":[],"cppflags":[],"cxxflags":[],"fflags":[],"ldflags":[],"ldlibs":[]},"package_hash":"63npvwqwo2x7i6emvnklh4mhcn45gx2qzveorybh5h2inwr55sea====","dependencies":[{"name":"gcc-runtime","hash":"m4jsgeehscaqglufyh44poypvzpco3vk","parameters":{"deptypes":["link"],"virtuals":[]}},{"name":"glibc","hash":"z45tn6q6kk2ma2r7qeatspxrqyox7o7m","parameters":{"deptypes":["link"],"virtuals":["libc"]}}],"hash":"hzw33cstrk4xgzqohoglfi26ds5pgttf"},"sylw2spk7whnldn22bxs5n6mzrltzhc2":{"name":"perl","version":"5.40.0","arch":{"platform":"linux","platform_os":"rhel8","target":{"name":"zen","vendor":"AuthenticAMD","features":["abm","aes","avx","avx2","bmi1","bmi2","clflushopt","clzero","cx16","f16c","fma","fsgsbase","mmx","movbe","pclmulqdq","popcnt","rdseed","sse","sse2","sse4_1","sse4_2","sse4a","ssse3","xsavec","xsaveopt"],"generation":0,"parents":["x86_64_v3"],"cpupart":""}},"compiler":{"name":"gcc","version":"8.5.0"},"namespace":"builtin","parameters":{"build_system":"generic","cpanm":true,"opcode":true,"open":true,"shared":true,"threads":true,"cflags":[],"cppflags":[],"cxxflags":[],"fflags":[],"ldflags":[],"ldlibs":[]},"package_hash":"h7mw25le4mi6fmpwahheo6riiecora57dw74mqdyjvu65qstiiea====","dependencies":[{"name":"berkeley-db","hash":"rt4zdquhsdqyvsi2s7do3mse33cwwxh7","parameters":{"deptypes":["build","link"],"virtuals":[]}},{"name":"bzip2","hash":"pmf6q4p5eikfynpthtpr3x2f3q7uo6pw","parameters":{"deptypes":["build","link"],"virtuals":[]}},{"name":"gcc-runtime","hash":"m4jsgeehscaqglufyh44poypvzpco3vk","parameters":{"deptypes":["link"],"virtuals":[]}},{"name":"gdbm","hash":"7a4ord72vs7bj5j72t3fahdt7jinfkc5","parameters":{"deptypes":["build","link"],"virtuals":[]}},{"name":"glibc","hash":"z45tn6q6kk2ma2r7qeatspxrqyox7o7m","parameters":{"deptypes":["link"],"virtuals":["libc"]}},{"name":"gmake","hash":"ugvraihc3oloyqx5qvqnyda3u5czncte","parameters":{"deptypes":["build"],"virtuals":[]}},{"name":"zlib-ng","hash":"ue3u3yjycdmdj3a2melybup7jgbhucaz","parameters":{"deptypes":["build","link"],"virtuals":["zlib-api"]}}],"hash":"sylw2spk7whnldn22bxs5n6mzrltzhc2"},"rt4zdquhsdqyvsi2s7do3mse33cwwxh7":{"name":"berkeley-db","version":"18.1.40","arch":{"platform":"linux","platform_os":"rhel8","target":{"name":"zen","vendor":"AuthenticAMD","features":["abm","aes","avx","avx2","bmi1","bmi2","clflushopt","clzero","cx16","f16c","fma","fsgsbase","mmx","movbe","pclmulqdq","popcnt","rdseed","sse","sse2","sse4_1","sse4_2","sse4a","ssse3","xsavec","xsaveopt"],"generation":0,"parents":["x86_64_v3"],"cpupart":""}},"compiler":{"name":"gcc","version":"8.5.0"},"namespace":"builtin","parameters":{"build_system":"autotools","cxx":true,"docs":false,"patches":["26090f418891757af46ac3b89a9f43d6eb5989f7a3dce3d1cfc99fba547203b3","b231fcc4d5cff05e5c3a4814f6a5af0e9a966428dc2176540d2c05aff41de522"],"stl":true,"cflags":[],"cppflags":[],"cxxflags":[],"fflags":[],"ldflags":[],"ldlibs":[]},"patches":["b231fcc4d5cff05e5c3a4814f6a5af0e9a966428dc2176540d2c05aff41de522","26090f418891757af46ac3b89a9f43d6eb5989f7a3dce3d1cfc99fba547203b3"],"package_hash":"h57ydfn33zevvzctzzioiiwjwe362izbbwncb6a26dfeno4y7tda====","dependencies":[{"name":"gcc-runtime","hash":"m4jsgeehscaqglufyh44poypvzpco3vk","parameters":{"deptypes":["link"],"virtuals":[]}},{"name":"glibc","hash":"z45tn6q6kk2ma2r7qeatspxrqyox7o7m","parameters":{"deptypes":["link"],"virtuals":["libc"]}},{"name":"gmake","hash":"ugvraihc3oloyqx5qvqnyda3u5czncte","parameters":{"deptypes":["build"],"virtuals":[]}}],"hash":"rt4zdquhsdqyvsi2s7do3mse33cwwxh7"},"pmf6q4p5eikfynpthtpr3x2f3q7uo6pw":{"name":"bzip2","version":"1.0.8","arch":{"platform":"linux","platform_os":"rhel8","target":{"name":"zen","vendor":"AuthenticAMD","features":["abm","aes","avx","avx2","bmi1","bmi2","clflushopt","clzero","cx16","f16c","fma","fsgsbase","mmx","movbe","pclmulqdq","popcnt","rdseed","sse","sse2","sse4_1","sse4_2","sse4a","ssse3","xsavec","xsaveopt"],"generation":0,"parents":["x86_64_v3"],"cpupart":""}},"compiler":{"name":"gcc","version":"8.5.0"},"namespace":"builtin","parameters":{"build_system":"generic","debug":false,"pic":false,"shared":true,"cflags":[],"cppflags":[],"cxxflags":[],"fflags":[],"ldflags":[],"ldlibs":[]},"package_hash":"eix6oci5mx4qmup2kll3rhau7sk32nsiioqqm3fxn7mhyoab2vna====","dependencies":[{"name":"diffutils","hash":"bbvyxs35tqeph5ltocy4o76ef5qwfq62","parameters":{"deptypes":["build"],"virtuals":[]}},{"name":"gcc-runtime","hash":"m4jsgeehscaqglufyh44poypvzpco3vk","parameters":{"deptypes":["link"],"virtuals":[]}},{"name":"glibc","hash":"z45tn6q6kk2ma2r7qeatspxrqyox7o7m","parameters":{"deptypes":["link"],"virtuals":["libc"]}},{"name":"gmake","hash":"ugvraihc3oloyqx5qvqnyda3u5czncte","parameters":{"deptypes":["build"],"virtuals":[]}}],"hash":"pmf6q4p5eikfynpthtpr3x2f3q7uo6pw"},"7a4ord72vs7bj5j72t3fahdt7jinfkc5":{"name":"gdbm","version":"1.23","arch":{"platform":"linux","platform_os":"rhel8","target":{"name":"zen","vendor":"AuthenticAMD","features":["abm","aes","avx","avx2","bmi1","bmi2","clflushopt","clzero","cx16","f16c","fma","fsgsbase","mmx","movbe","pclmulqdq","popcnt","rdseed","sse","sse2","sse4_1","sse4_2","sse4a","ssse3","xsavec","xsaveopt"],"generation":0,"parents":["x86_64_v3"],"cpupart":""}},"compiler":{"name":"gcc","version":"8.5.0"},"namespace":"builtin","parameters":{"build_system":"autotools","cflags":[],"cppflags":[],"cxxflags":[],"fflags":[],"ldflags":[],"ldlibs":[]},"package_hash":"liepxl6phlcxbgfmibxafhewtihlgaa4x3hko37ckqlafhxkrgdq====","dependencies":[{"name":"gcc-runtime","hash":"m4jsgeehscaqglufyh44poypvzpco3vk","parameters":{"deptypes":["link"],"virtuals":[]}},{"name":"glibc","hash":"z45tn6q6kk2ma2r7qeatspxrqyox7o7m","parameters":{"deptypes":["link"],"virtuals":["libc"]}},{"name":"gmake","hash":"ugvraihc3oloyqx5qvqnyda3u5czncte","parameters":{"deptypes":["build"],"virtuals":[]}},{"name":"readline","hash":"7bgppxgfivk5h6y63vvrupooijghfqh2","parameters":{"deptypes":["build","link"],"virtuals":[]}}],"hash":"7a4ord72vs7bj5j72t3fahdt7jinfkc5"},"7bgppxgfivk5h6y63vvrupooijghfqh2":{"name":"readline","version":"8.2","arch":{"platform":"linux","platform_os":"rhel8","target":{"name":"zen","vendor":"AuthenticAMD","features":["abm","aes","avx","avx2","bmi1","bmi2","clflushopt","clzero","cx16","f16c","fma","fsgsbase","mmx","movbe","pclmulqdq","popcnt","rdseed","sse","sse2","sse4_1","sse4_2","sse4a","ssse3","xsavec","xsaveopt"],"generation":0,"parents":["x86_64_v3"],"cpupart":""}},"compiler":{"name":"gcc","version":"8.5.0"},"namespace":"builtin","parameters":{"build_system":"autotools","patches":["bbf97f1ec40a929edab5aa81998c1e2ef435436c597754916e6a5868f273aff7"],"cflags":[],"cppflags":[],"cxxflags":[],"fflags":[],"ldflags":[],"ldlibs":[]},"patches":["bbf97f1ec40a929edab5aa81998c1e2ef435436c597754916e6a5868f273aff7"],"package_hash":"oww6dmr7xqgg6j7iiluonxbcl4irqnnrip4vfkjdwujncwnuhwuq====","dependencies":[{"name":"gcc-runtime","hash":"m4jsgeehscaqglufyh44poypvzpco3vk","parameters":{"deptypes":["link"],"virtuals":[]}},{"name":"glibc","hash":"z45tn6q6kk2ma2r7qeatspxrqyox7o7m","parameters":{"deptypes":["link"],"virtuals":["libc"]}},{"name":"gmake","hash":"ugvraihc3oloyqx5qvqnyda3u5czncte","parameters":{"deptypes":["build"],"virtuals":[]}},{"name":"ncurses","hash":"ykkjndcyltvbvr73uaozrjfz27vonyuf","parameters":{"deptypes":["build","link"],"virtuals":[]}}],"hash":"7bgppxgfivk5h6y63vvrupooijghfqh2"},"ykkjndcyltvbvr73uaozrjfz27vonyuf":{"name":"ncurses","version":"6.5","arch":{"platform":"linux","platform_os":"rhel8","target":{"name":"zen","vendor":"AuthenticAMD","features":["abm","aes","avx","avx2","bmi1","bmi2","clflushopt","clzero","cx16","f16c","fma","fsgsbase","mmx","movbe","pclmulqdq","popcnt","rdseed","sse","sse2","sse4_1","sse4_2","sse4a","ssse3","xsavec","xsaveopt"],"generation":0,"parents":["x86_64_v3"],"cpupart":""}},"compiler":{"name":"gcc","version":"8.5.0"},"namespace":"builtin","parameters":{"abi":"none","build_system":"autotools","patches":["7a351bc4953a4ab70dabdbea31c8db0c03d40ce505335f3b6687180dde24c535"],"symlinks":false,"termlib":true,"cflags":[],"cppflags":[],"cxxflags":[],"fflags":[],"ldflags":[],"ldlibs":[]},"patches":["7a351bc4953a4ab70dabdbea31c8db0c03d40ce505335f3b6687180dde24c535"],"package_hash":"rlqzqxoau3wwzu62x6qxlf4flon6b4n3p4zesnc6t2oyybrvnkwq====","dependencies":[{"name":"gcc-runtime","hash":"m4jsgeehscaqglufyh44poypvzpco3vk","parameters":{"deptypes":["link"],"virtuals":[]}},{"name":"glibc","hash":"z45tn6q6kk2ma2r7qeatspxrqyox7o7m","parameters":{"deptypes":["link"],"virtuals":["libc"]}},{"name":"gmake","hash":"ugvraihc3oloyqx5qvqnyda3u5czncte","parameters":{"deptypes":["build"],"virtuals":[]}},{"name":"pkgconf","hash":"rpcrvto6rcb67vla73jksx3zgagdv4dy","parameters":{"deptypes":["build"],"virtuals":["pkgconfig"]}}],"hash":"ykkjndcyltvbvr73uaozrjfz27vonyuf"},"rcrjbpp2vt6lqtkvxc2zxupsr654y6ar":{"name":"cuda","version":"12.6.1","arch":{"platform":"linux","platform_os":"rhel8","target":{"name":"zen","vendor":"AuthenticAMD","features":["abm","aes","avx","avx2","bmi1","bmi2","clflushopt","clzero","cx16","f16c","fma","fsgsbase","mmx","movbe","pclmulqdq","popcnt","rdseed","sse","sse2","sse4_1","sse4_2","sse4a","ssse3","xsavec","xsaveopt"],"generation":0,"parents":["x86_64_v3"],"cpupart":""}},"compiler":{"name":"gcc","version":"8.5.0"},"namespace":"builtin","parameters":{"allow-unsupported-compilers":false,"build_system":"generic","dev":false,"cflags":[],"cppflags":[],"cxxflags":[],"fflags":[],"ldflags":[],"ldlibs":[]},"package_hash":"ahyqcojyazhcfxptatkzc4sgxy7mzulku3yrbsj6kd6awy7ioh4q====","dependencies":[{"name":"gcc-runtime","hash":"m4jsgeehscaqglufyh44poypvzpco3vk","parameters":{"deptypes":["link"],"virtuals":[]}},{"name":"glibc","hash":"z45tn6q6kk2ma2r7qeatspxrqyox7o7m","parameters":{"deptypes":["link"],"virtuals":["libc"]}},{"name":"libxml2","hash":"pjxxdgm4wm57uapl4yokg4ltmwmawng7","parameters":{"deptypes":["build","link"],"virtuals":[]}}],"hash":"rcrjbpp2vt6lqtkvxc2zxupsr654y6ar"},"pjxxdgm4wm57uapl4yokg4ltmwmawng7":{"name":"libxml2","version":"2.10.3","arch":{"platform":"linux","platform_os":"rhel8","target":{"name":"zen","vendor":"AuthenticAMD","features":["abm","aes","avx","avx2","bmi1","bmi2","clflushopt","clzero","cx16","f16c","fma","fsgsbase","mmx","movbe","pclmulqdq","popcnt","rdseed","sse","sse2","sse4_1","sse4_2","sse4a","ssse3","xsavec","xsaveopt"],"generation":0,"parents":["x86_64_v3"],"cpupart":""}},"compiler":{"name":"gcc","version":"8.5.0"},"namespace":"builtin","parameters":{"build_system":"autotools","pic":true,"python":false,"shared":true,"cflags":[],"cppflags":[],"cxxflags":[],"fflags":[],"ldflags":[],"ldlibs":[]},"package_hash":"squqo2aayigwxdusu3q3syojwit5gqdh6q4un576652hy4gytxcq====","dependencies":[{"name":"gcc-runtime","hash":"m4jsgeehscaqglufyh44poypvzpco3vk","parameters":{"deptypes":["link"],"virtuals":[]}},{"name":"glibc","hash":"z45tn6q6kk2ma2r7qeatspxrqyox7o7m","parameters":{"deptypes":["build","link"],"virtuals":["iconv","libc"]}},{"name":"gmake","hash":"ugvraihc3oloyqx5qvqnyda3u5czncte","parameters":{"deptypes":["build"],"virtuals":[]}},{"name":"pkgconf","hash":"rpcrvto6rcb67vla73jksx3zgagdv4dy","parameters":{"deptypes":["build"],"virtuals":["pkgconfig"]}},{"name":"xz","hash":"c4mxcf6ajda4nuii42u5vei5twonzsl3","parameters":{"deptypes":["build","link"],"virtuals":[]}},{"name":"zlib-ng","hash":"ue3u3yjycdmdj3a2melybup7jgbhucaz","parameters":{"deptypes":["build","link"],"virtuals":["zlib-api"]}}],"hash":"pjxxdgm4wm57uapl4yokg4ltmwmawng7"},"c4mxcf6ajda4nuii42u5vei5twonzsl3":{"name":"xz","version":"5.4.6","arch":{"platform":"linux","platform_os":"rhel8","target":{"name":"zen","vendor":"AuthenticAMD","features":["abm","aes","avx","avx2","bmi1","bmi2","clflushopt","clzero","cx16","f16c","fma","fsgsbase","mmx","movbe","pclmulqdq","popcnt","rdseed","sse","sse2","sse4_1","sse4_2","sse4a","ssse3","xsavec","xsaveopt"],"generation":0,"parents":["x86_64_v3"],"cpupart":""}},"compiler":{"name":"gcc","version":"8.5.0"},"namespace":"builtin","parameters":{"build_system":"autotools","libs":["shared","static"],"pic":false,"cflags":[],"cppflags":[],"cxxflags":[],"fflags":[],"ldflags":[],"ldlibs":[]},"package_hash":"zt5vu2vph2v2qjwgdbe7btgcz7axpyalorcsqiuxhrg5grwgrrvq====","dependencies":[{"name":"gcc-runtime","hash":"m4jsgeehscaqglufyh44poypvzpco3vk","parameters":{"deptypes":["link"],"virtuals":[]}},{"name":"glibc","hash":"z45tn6q6kk2ma2r7qeatspxrqyox7o7m","parameters":{"deptypes":["link"],"virtuals":["libc"]}},{"name":"gmake","hash":"ugvraihc3oloyqx5qvqnyda3u5czncte","parameters":{"deptypes":["build"],"virtuals":[]}}],"hash":"c4mxcf6ajda4nuii42u5vei5twonzsl3"},"muqk6h55xi3fjhrdkq4hb3ru57ar3nyy":{"name":"intel-oneapi-compilers","version":"2024.2.1","arch":{"platform":"linux","platform_os":"rhel8","target":{"name":"zen","vendor":"AuthenticAMD","features":["abm","aes","avx","avx2","bmi1","bmi2","clflushopt","clzero","cx16","f16c","fma","fsgsbase","mmx","movbe","pclmulqdq","popcnt","rdseed","sse","sse2","sse4_1","sse4_2","sse4a","ssse3","xsavec","xsaveopt"],"generation":0,"parents":["x86_64_v3"],"cpupart":""}},"compiler":{"name":"gcc","version":"8.5.0"},"namespace":"builtin","parameters":{"build_system":"generic","envmods":true,"nvidia":true,"cflags":[],"cppflags":[],"cxxflags":[],"fflags":[],"ldflags":[],"ldlibs":[]},"package_hash":"ykppwuj2e7hbuujlgz42esy7babigbqc4deoptcl3zfgxpch6uha====","dependencies":[{"name":"gcc-runtime","hash":"m4jsgeehscaqglufyh44poypvzpco3vk","parameters":{"deptypes":["link"],"virtuals":[]}},{"name":"glibc","hash":"z45tn6q6kk2ma2r7qeatspxrqyox7o7m","parameters":{"deptypes":["link"],"virtuals":["libc"]}}],"hash":"muqk6h55xi3fjhrdkq4hb3ru57ar3nyy"}}}